
Microsoft Visual Studio Solution File, Format Version 12.00
# Visual Studio Version 16
VisualStudioVersion = 16.0.31624.102
MinimumVisualStudioVersion = 10.0.40219.1
Project("{FAE04EC0-301F-11D3-BF4B-00C04F79EFBC}") = "SharedCalculator", "SharedCalculator.csproj", "{CE25158C-262C-4F42-981F-B0E5660E4CF8}"
EndProject
Project("{FAE04EC0-301F-11D3-BF4B-00C04F79EFBC}") = "SharedCalculatorTests", "..\SharedCalculatorTests\SharedCalculatorTests.csproj", "{3FBD4C58-3142-4AD0-B707-84D0D884B75E}"
EndProject
Global
	GlobalSection(SolutionConfigurationPlatforms) = preSolution
		Debug|Any CPU = Debug|Any CPU
		Release|Any CPU = Release|Any CPU
	EndGlobalSection
	GlobalSection(ProjectConfigurationPlatforms) = postSolution
		{CE25158C-262C-4F42-981F-B0E5660E4CF8}.Debug|Any CPU.ActiveCfg = Debug|Any CPU
		{CE25158C-262C-4F42-981F-B0E5660E4CF8}.Debug|Any CPU.Build.0 = Debug|Any CPU
		{CE25158C-262C-4F42-981F-B0E5660E4CF8}.Release|Any CPU.ActiveCfg = Release|Any CPU
		{CE25158C-262C-4F42-981F-B0E5660E4CF8}.Release|Any CPU.Build.0 = Release|Any CPU
		{3FBD4C58-3142-4AD0-B707-84D0D884B75E}.Debug|Any CPU.ActiveCfg = Debug|Any CPU
		{3FBD4C58-3142-4AD0-B707-84D0D884B75E}.Debug|Any CPU.Build.0 = Debug|Any CPU
		{3FBD4C58-3142-4AD0-B707-84D0D884B75E}.Release|Any CPU.ActiveCfg = Release|Any CPU
		{3FBD4C58-3142-4AD0-B707-84D0D884B75E}.Release|Any CPU.Build.0 = Release|Any CPU
	EndGlobalSection
	GlobalSection(SolutionProperties) = preSolution
		HideSolutionNode = FALSE
	EndGlobalSection
	GlobalSection(ExtensibilityGlobals) = postSolution
		SolutionGuid = {2DE43CE8-6F66-4F65-97ED-52C0543BBEAD}
	EndGlobalSection
EndGlobal
